
Microsoft Visual Studio Solution File, Format Version 12.00
# Visual Studio 15
VisualStudioVersion = 15.0.26430.16
MinimumVisualStudioVersion = 10.0.40219.1
Project("{FAE04EC0-301F-11D3-BF4B-00C04F79EFBC}") = "RotationAlterBase", "RotationAlterBase\RotationAlterBase.csproj", "{23DB909E-A44B-4D9F-AA1A-24A2EC226358}"
EndProject
Project("{54435603-DBB4-11D2-8724-00A0C9A8B90C}") = "Setup1", "Setup1\Setup1.vdproj", "{D29A8997-679E-4DC9-A43F-B4BBE9DFBB52}"
EndProject
Global
	GlobalSection(SolutionConfigurationPlatforms) = preSolution
		Debug|Any CPU = Debug|Any CPU
		Debug|x64 = Debug|x64
		Release|Any CPU = Release|Any CPU
		Release|x64 = Release|x64
	EndGlobalSection
	GlobalSection(ProjectConfigurationPlatforms) = postSolution
		{23DB909E-A44B-4D9F-AA1A-24A2EC226358}.Debug|Any CPU.ActiveCfg = Debug|Any CPU
		{23DB909E-A44B-4D9F-AA1A-24A2EC226358}.Debug|Any CPU.Build.0 = Debug|Any CPU
		{23DB909E-A44B-4D9F-AA1A-24A2EC226358}.Debug|x64.ActiveCfg = Debug|x64
		{23DB909E-A44B-4D9F-AA1A-24A2EC226358}.Debug|x64.Build.0 = Debug|x64
		{23DB909E-A44B-4D9F-AA1A-24A2EC226358}.Release|Any CPU.ActiveCfg = Release|Any CPU
		{23DB909E-A44B-4D9F-AA1A-24A2EC226358}.Release|Any CPU.Build.0 = Release|Any CPU
		{23DB909E-A44B-4D9F-AA1A-24A2EC226358}.Release|x64.ActiveCfg = Release|x64
		{23DB909E-A44B-4D9F-AA1A-24A2EC226358}.Release|x64.Build.0 = Release|x64
		{D29A8997-679E-4DC9-A43F-B4BBE9DFBB52}.Debug|Any CPU.ActiveCfg = Debug
		{D29A8997-679E-4DC9-A43F-B4BBE9DFBB52}.Debug|x64.ActiveCfg = Debug
		{D29A8997-679E-4DC9-A43F-B4BBE9DFBB52}.Release|Any CPU.ActiveCfg = Release
		{D29A8997-679E-4DC9-A43F-B4BBE9DFBB52}.Release|x64.ActiveCfg = Release
	EndGlobalSection
	GlobalSection(SolutionProperties) = preSolution
		HideSolutionNode = FALSE
	EndGlobalSection
EndGlobal
